
Microsoft Visual Studio Solution File, Format Version 12.00
# Visual Studio Version 17
VisualStudioVersion = 17.2.32526.322
MinimumVisualStudioVersion = 10.0.40219.1
Project("{2150E333-8FDC-42A3-9474-1A3956D46DE8}") = "external", "external", "{23F7B48B-00DF-4C23-BAAB-F4E7FFADF6FA}"
EndProject
Project("{8BC9CEB8-8B4A-11D0-8D11-00A0C91BC942}") = "GLFW", "external\GLFW\GLFW.vcxproj", "{DBE9013C-E527-4788-B850-E40D96AC7DB5}"
EndProject
Project("{8BC9CEB8-8B4A-11D0-8D11-00A0C91BC942}") = "common", "common\common.vcxproj", "{5AEBA4A5-1FF7-4C5D-ACA3-CD563F1523F2}"
EndProject
Project("{8BC9CEB8-8B4A-11D0-8D11-00A0C91BC942}") = "imgui", "external\imgui\imgui.vcxproj", "{09322341-98A8-45E3-AFE2-941DAE86C322}"
EndProject
Project("{8BC9CEB8-8B4A-11D0-8D11-00A0C91BC942}") = "containers", "containers\containers.vcxproj", "{07970AAD-3DDE-48C6-9D71-198BCF9845EA}"
	ProjectSection(ProjectDependencies) = postProject
		{5AEBA4A5-1FF7-4C5D-ACA3-CD563F1523F2} = {5AEBA4A5-1FF7-4C5D-ACA3-CD563F1523F2}
	EndProjectSection
EndProject
Project("{8BC9CEB8-8B4A-11D0-8D11-00A0C91BC942}") = "utility", "utility\utility.vcxproj", "{DB4E5B99-8F1D-4A19-933D-B07CE2861FDB}"
	ProjectSection(ProjectDependencies) = postProject
		{5AEBA4A5-1FF7-4C5D-ACA3-CD563F1523F2} = {5AEBA4A5-1FF7-4C5D-ACA3-CD563F1523F2}
	EndProjectSection
EndProject
Project("{8BC9CEB8-8B4A-11D0-8D11-00A0C91BC942}") = "client", "client\client.vcxproj", "{E42B43F9-813B-4B56-8E3C-8684B523DFF3}"
	ProjectSection(ProjectDependencies) = postProject
		{07970AAD-3DDE-48C6-9D71-198BCF9845EA} = {07970AAD-3DDE-48C6-9D71-198BCF9845EA}
		{09322341-98A8-45E3-AFE2-941DAE86C322} = {09322341-98A8-45E3-AFE2-941DAE86C322}
		{5AEBA4A5-1FF7-4C5D-ACA3-CD563F1523F2} = {5AEBA4A5-1FF7-4C5D-ACA3-CD563F1523F2}
		{DB4E5B99-8F1D-4A19-933D-B07CE2861FDB} = {DB4E5B99-8F1D-4A19-933D-B07CE2861FDB}
	EndProjectSection
EndProject
Project("{8BC9CEB8-8B4A-11D0-8D11-00A0C91BC942}") = "script", "script\script.vcxproj", "{04E77BE7-44E8-4892-9257-D83D0208AC4D}"
	ProjectSection(ProjectDependencies) = postProject
		{07970AAD-3DDE-48C6-9D71-198BCF9845EA} = {07970AAD-3DDE-48C6-9D71-198BCF9845EA}
		{22D8EB8C-4F1D-4408-8288-8661D57F7843} = {22D8EB8C-4F1D-4408-8288-8661D57F7843}
		{5AEBA4A5-1FF7-4C5D-ACA3-CD563F1523F2} = {5AEBA4A5-1FF7-4C5D-ACA3-CD563F1523F2}
	EndProjectSection
EndProject
Project("{8BC9CEB8-8B4A-11D0-8D11-00A0C91BC942}") = "json", "external\json\json.vcxproj", "{22D8EB8C-4F1D-4408-8288-8661D57F7843}"
EndProject
Project("{8BC9CEB8-8B4A-11D0-8D11-00A0C91BC942}") = "tinycc", "external\tinycc\tinycc.vcxproj", "{21987C63-4D33-4DD1-B8BC-71D864ED7E1C}"
EndProject
Project("{2150E333-8FDC-42A3-9474-1A3956D46DE8}") = "Solution Items", "Solution Items", "{58A89A37-6E6D-40FB-A042-2177DBBACBB3}"
	ProjectSection(SolutionItems) = preProject
		architecture.txt = architecture.txt
		coding_style.txt = coding_style.txt
	EndProjectSection
EndProject
Project("{8BC9CEB8-8B4A-11D0-8D11-00A0C91BC942}") = "test", "test\test.vcxproj", "{E19462B2-3D08-427C-8BC1-D1F01AAA2AF1}"
	ProjectSection(ProjectDependencies) = postProject
		{07970AAD-3DDE-48C6-9D71-198BCF9845EA} = {07970AAD-3DDE-48C6-9D71-198BCF9845EA}
		{22D8EB8C-4F1D-4408-8288-8661D57F7843} = {22D8EB8C-4F1D-4408-8288-8661D57F7843}
		{5AEBA4A5-1FF7-4C5D-ACA3-CD563F1523F2} = {5AEBA4A5-1FF7-4C5D-ACA3-CD563F1523F2}
		{DB4E5B99-8F1D-4A19-933D-B07CE2861FDB} = {DB4E5B99-8F1D-4A19-933D-B07CE2861FDB}
	EndProjectSection
EndProject
Project("{8BC9CEB8-8B4A-11D0-8D11-00A0C91BC942}") = "control-svc", "control-svc\control-svc.vcxproj", "{EDB717E3-3318-4492-8471-9096EC822D3F}"
	ProjectSection(ProjectDependencies) = postProject
		{07970AAD-3DDE-48C6-9D71-198BCF9845EA} = {07970AAD-3DDE-48C6-9D71-198BCF9845EA}
		{5AEBA4A5-1FF7-4C5D-ACA3-CD563F1523F2} = {5AEBA4A5-1FF7-4C5D-ACA3-CD563F1523F2}
		{9FE8A731-C5F4-467E-B4E9-2353803DDFA5} = {9FE8A731-C5F4-467E-B4E9-2353803DDFA5}
		{DB4E5B99-8F1D-4A19-933D-B07CE2861FDB} = {DB4E5B99-8F1D-4A19-933D-B07CE2861FDB}
	EndProjectSection
EndProject
Project("{8BC9CEB8-8B4A-11D0-8D11-00A0C91BC942}") = "control-app", "control-app\control-app.vcxproj", "{32B37B6E-1C27-4298-929C-1C24694690D9}"
	ProjectSection(ProjectDependencies) = postProject
		{07970AAD-3DDE-48C6-9D71-198BCF9845EA} = {07970AAD-3DDE-48C6-9D71-198BCF9845EA}
		{09322341-98A8-45E3-AFE2-941DAE86C322} = {09322341-98A8-45E3-AFE2-941DAE86C322}
		{22D8EB8C-4F1D-4408-8288-8661D57F7843} = {22D8EB8C-4F1D-4408-8288-8661D57F7843}
		{5AEBA4A5-1FF7-4C5D-ACA3-CD563F1523F2} = {5AEBA4A5-1FF7-4C5D-ACA3-CD563F1523F2}
		{9FE8A731-C5F4-467E-B4E9-2353803DDFA5} = {9FE8A731-C5F4-467E-B4E9-2353803DDFA5}
		{DB4E5B99-8F1D-4A19-933D-B07CE2861FDB} = {DB4E5B99-8F1D-4A19-933D-B07CE2861FDB}
		{EDB717E3-3318-4492-8471-9096EC822D3F} = {EDB717E3-3318-4492-8471-9096EC822D3F}
	EndProjectSection
EndProject
Project("{8BC9CEB8-8B4A-11D0-8D11-00A0C91BC942}") = "control-lib", "control-lib\control-lib.vcxproj", "{9FE8A731-C5F4-467E-B4E9-2353803DDFA5}"
	ProjectSection(ProjectDependencies) = postProject
		{07970AAD-3DDE-48C6-9D71-198BCF9845EA} = {07970AAD-3DDE-48C6-9D71-198BCF9845EA}
		{5AEBA4A5-1FF7-4C5D-ACA3-CD563F1523F2} = {5AEBA4A5-1FF7-4C5D-ACA3-CD563F1523F2}
		{DB4E5B99-8F1D-4A19-933D-B07CE2861FDB} = {DB4E5B99-8F1D-4A19-933D-B07CE2861FDB}
	EndProjectSection
EndProject
Project("{8BC9CEB8-8B4A-11D0-8D11-00A0C91BC942}") = "sqlite3", "external\sqlite3\sqlite3.vcxproj", "{BE26FAEE-5883-45FF-A25F-63AD812A42E6}"
EndProject
Global
	GlobalSection(SolutionConfigurationPlatforms) = preSolution
		Debug|x64 = Debug|x64
		Debug|x86 = Debug|x86
		Release|x64 = Release|x64
		Release|x86 = Release|x86
	EndGlobalSection
	GlobalSection(ProjectConfigurationPlatforms) = postSolution
		{DBE9013C-E527-4788-B850-E40D96AC7DB5}.Debug|x64.ActiveCfg = Debug|x64
		{DBE9013C-E527-4788-B850-E40D96AC7DB5}.Debug|x64.Build.0 = Debug|x64
		{DBE9013C-E527-4788-B850-E40D96AC7DB5}.Debug|x86.ActiveCfg = Debug|x64
		{DBE9013C-E527-4788-B850-E40D96AC7DB5}.Debug|x86.Build.0 = Debug|x64
		{DBE9013C-E527-4788-B850-E40D96AC7DB5}.Release|x64.ActiveCfg = Release|x64
		{DBE9013C-E527-4788-B850-E40D96AC7DB5}.Release|x64.Build.0 = Release|x64
		{DBE9013C-E527-4788-B850-E40D96AC7DB5}.Release|x86.ActiveCfg = Release|x64
		{DBE9013C-E527-4788-B850-E40D96AC7DB5}.Release|x86.Build.0 = Release|x64
		{5AEBA4A5-1FF7-4C5D-ACA3-CD563F1523F2}.Debug|x64.ActiveCfg = Debug|x64
		{5AEBA4A5-1FF7-4C5D-ACA3-CD563F1523F2}.Debug|x64.Build.0 = Debug|x64
		{5AEBA4A5-1FF7-4C5D-ACA3-CD563F1523F2}.Debug|x86.ActiveCfg = Debug|x64
		{5AEBA4A5-1FF7-4C5D-ACA3-CD563F1523F2}.Debug|x86.Build.0 = Debug|x64
		{5AEBA4A5-1FF7-4C5D-ACA3-CD563F1523F2}.Release|x64.ActiveCfg = Release|x64
		{5AEBA4A5-1FF7-4C5D-ACA3-CD563F1523F2}.Release|x64.Build.0 = Release|x64
		{5AEBA4A5-1FF7-4C5D-ACA3-CD563F1523F2}.Release|x86.ActiveCfg = Release|x64
		{5AEBA4A5-1FF7-4C5D-ACA3-CD563F1523F2}.Release|x86.Build.0 = Release|x64
		{09322341-98A8-45E3-AFE2-941DAE86C322}.Debug|x64.ActiveCfg = Debug|x64
		{09322341-98A8-45E3-AFE2-941DAE86C322}.Debug|x64.Build.0 = Debug|x64
		{09322341-98A8-45E3-AFE2-941DAE86C322}.Debug|x86.ActiveCfg = Debug|Win32
		{09322341-98A8-45E3-AFE2-941DAE86C322}.Debug|x86.Build.0 = Debug|Win32
		{09322341-98A8-45E3-AFE2-941DAE86C322}.Release|x64.ActiveCfg = Release|x64
		{09322341-98A8-45E3-AFE2-941DAE86C322}.Release|x64.Build.0 = Release|x64
		{09322341-98A8-45E3-AFE2-941DAE86C322}.Release|x86.ActiveCfg = Release|Win32
		{09322341-98A8-45E3-AFE2-941DAE86C322}.Release|x86.Build.0 = Release|Win32
		{07970AAD-3DDE-48C6-9D71-198BCF9845EA}.Debug|x64.ActiveCfg = Debug|x64
		{07970AAD-3DDE-48C6-9D71-198BCF9845EA}.Debug|x64.Build.0 = Debug|x64
		{07970AAD-3DDE-48C6-9D71-198BCF9845EA}.Debug|x86.ActiveCfg = Debug|Win32
		{07970AAD-3DDE-48C6-9D71-198BCF9845EA}.Debug|x86.Build.0 = Debug|Win32
		{07970AAD-3DDE-48C6-9D71-198BCF9845EA}.Release|x64.ActiveCfg = Release|x64
		{07970AAD-3DDE-48C6-9D71-198BCF9845EA}.Release|x64.Build.0 = Release|x64
		{07970AAD-3DDE-48C6-9D71-198BCF9845EA}.Release|x86.ActiveCfg = Release|Win32
		{07970AAD-3DDE-48C6-9D71-198BCF9845EA}.Release|x86.Build.0 = Release|Win32
		{DB4E5B99-8F1D-4A19-933D-B07CE2861FDB}.Debug|x64.ActiveCfg = Debug|x64
		{DB4E5B99-8F1D-4A19-933D-B07CE2861FDB}.Debug|x64.Build.0 = Debug|x64
		{DB4E5B99-8F1D-4A19-933D-B07CE2861FDB}.Debug|x86.ActiveCfg = Debug|Win32
		{DB4E5B99-8F1D-4A19-933D-B07CE2861FDB}.Debug|x86.Build.0 = Debug|Win32
		{DB4E5B99-8F1D-4A19-933D-B07CE2861FDB}.Release|x64.ActiveCfg = Release|x64
		{DB4E5B99-8F1D-4A19-933D-B07CE2861FDB}.Release|x64.Build.0 = Release|x64
		{DB4E5B99-8F1D-4A19-933D-B07CE2861FDB}.Release|x86.ActiveCfg = Release|Win32
		{DB4E5B99-8F1D-4A19-933D-B07CE2861FDB}.Release|x86.Build.0 = Release|Win32
		{E42B43F9-813B-4B56-8E3C-8684B523DFF3}.Debug|x64.ActiveCfg = Debug|x64
		{E42B43F9-813B-4B56-8E3C-8684B523DFF3}.Debug|x64.Build.0 = Debug|x64
		{E42B43F9-813B-4B56-8E3C-8684B523DFF3}.Debug|x86.ActiveCfg = Debug|Win32
		{E42B43F9-813B-4B56-8E3C-8684B523DFF3}.Debug|x86.Build.0 = Debug|Win32
		{E42B43F9-813B-4B56-8E3C-8684B523DFF3}.Release|x64.ActiveCfg = Release|x64
		{E42B43F9-813B-4B56-8E3C-8684B523DFF3}.Release|x64.Build.0 = Release|x64
		{E42B43F9-813B-4B56-8E3C-8684B523DFF3}.Release|x86.ActiveCfg = Release|Win32
		{E42B43F9-813B-4B56-8E3C-8684B523DFF3}.Release|x86.Build.0 = Release|Win32
		{04E77BE7-44E8-4892-9257-D83D0208AC4D}.Debug|x64.ActiveCfg = Debug|x64
		{04E77BE7-44E8-4892-9257-D83D0208AC4D}.Debug|x64.Build.0 = Debug|x64
		{04E77BE7-44E8-4892-9257-D83D0208AC4D}.Debug|x86.ActiveCfg = Debug|Win32
		{04E77BE7-44E8-4892-9257-D83D0208AC4D}.Debug|x86.Build.0 = Debug|Win32
		{04E77BE7-44E8-4892-9257-D83D0208AC4D}.Release|x64.ActiveCfg = Release|x64
		{04E77BE7-44E8-4892-9257-D83D0208AC4D}.Release|x64.Build.0 = Release|x64
		{04E77BE7-44E8-4892-9257-D83D0208AC4D}.Release|x86.ActiveCfg = Release|Win32
		{04E77BE7-44E8-4892-9257-D83D0208AC4D}.Release|x86.Build.0 = Release|Win32
		{22D8EB8C-4F1D-4408-8288-8661D57F7843}.Debug|x64.ActiveCfg = Debug|x64
		{22D8EB8C-4F1D-4408-8288-8661D57F7843}.Debug|x64.Build.0 = Debug|x64
		{22D8EB8C-4F1D-4408-8288-8661D57F7843}.Debug|x86.ActiveCfg = Debug|Win32
		{22D8EB8C-4F1D-4408-8288-8661D57F7843}.Debug|x86.Build.0 = Debug|Win32
		{22D8EB8C-4F1D-4408-8288-8661D57F7843}.Release|x64.ActiveCfg = Release|x64
		{22D8EB8C-4F1D-4408-8288-8661D57F7843}.Release|x64.Build.0 = Release|x64
		{22D8EB8C-4F1D-4408-8288-8661D57F7843}.Release|x86.ActiveCfg = Release|Win32
		{22D8EB8C-4F1D-4408-8288-8661D57F7843}.Release|x86.Build.0 = Release|Win32
		{21987C63-4D33-4DD1-B8BC-71D864ED7E1C}.Debug|x64.ActiveCfg = Debug|x64
		{21987C63-4D33-4DD1-B8BC-71D864ED7E1C}.Debug|x64.Build.0 = Debug|x64
		{21987C63-4D33-4DD1-B8BC-71D864ED7E1C}.Debug|x86.ActiveCfg = Debug|Win32
		{21987C63-4D33-4DD1-B8BC-71D864ED7E1C}.Debug|x86.Build.0 = Debug|Win32
		{21987C63-4D33-4DD1-B8BC-71D864ED7E1C}.Release|x64.ActiveCfg = Release|x64
		{21987C63-4D33-4DD1-B8BC-71D864ED7E1C}.Release|x64.Build.0 = Release|x64
		{21987C63-4D33-4DD1-B8BC-71D864ED7E1C}.Release|x86.ActiveCfg = Release|Win32
		{21987C63-4D33-4DD1-B8BC-71D864ED7E1C}.Release|x86.Build.0 = Release|Win32
		{E19462B2-3D08-427C-8BC1-D1F01AAA2AF1}.Debug|x64.ActiveCfg = Debug|x64
		{E19462B2-3D08-427C-8BC1-D1F01AAA2AF1}.Debug|x64.Build.0 = Debug|x64
		{E19462B2-3D08-427C-8BC1-D1F01AAA2AF1}.Debug|x86.ActiveCfg = Debug|Win32
		{E19462B2-3D08-427C-8BC1-D1F01AAA2AF1}.Debug|x86.Build.0 = Debug|Win32
		{E19462B2-3D08-427C-8BC1-D1F01AAA2AF1}.Release|x64.ActiveCfg = Release|x64
		{E19462B2-3D08-427C-8BC1-D1F01AAA2AF1}.Release|x64.Build.0 = Release|x64
		{E19462B2-3D08-427C-8BC1-D1F01AAA2AF1}.Release|x86.ActiveCfg = Release|Win32
		{E19462B2-3D08-427C-8BC1-D1F01AAA2AF1}.Release|x86.Build.0 = Release|Win32
		{EDB717E3-3318-4492-8471-9096EC822D3F}.Debug|x64.ActiveCfg = Debug|x64
		{EDB717E3-3318-4492-8471-9096EC822D3F}.Debug|x64.Build.0 = Debug|x64
		{EDB717E3-3318-4492-8471-9096EC822D3F}.Debug|x86.ActiveCfg = Debug|Win32
		{EDB717E3-3318-4492-8471-9096EC822D3F}.Debug|x86.Build.0 = Debug|Win32
		{EDB717E3-3318-4492-8471-9096EC822D3F}.Release|x64.ActiveCfg = Release|x64
		{EDB717E3-3318-4492-8471-9096EC822D3F}.Release|x64.Build.0 = Release|x64
		{EDB717E3-3318-4492-8471-9096EC822D3F}.Release|x86.ActiveCfg = Release|Win32
		{EDB717E3-3318-4492-8471-9096EC822D3F}.Release|x86.Build.0 = Release|Win32
		{32B37B6E-1C27-4298-929C-1C24694690D9}.Debug|x64.ActiveCfg = Debug|x64
		{32B37B6E-1C27-4298-929C-1C24694690D9}.Debug|x64.Build.0 = Debug|x64
		{32B37B6E-1C27-4298-929C-1C24694690D9}.Debug|x86.ActiveCfg = Debug|Win32
		{32B37B6E-1C27-4298-929C-1C24694690D9}.Debug|x86.Build.0 = Debug|Win32
		{32B37B6E-1C27-4298-929C-1C24694690D9}.Release|x64.ActiveCfg = Release|x64
		{32B37B6E-1C27-4298-929C-1C24694690D9}.Release|x64.Build.0 = Release|x64
		{32B37B6E-1C27-4298-929C-1C24694690D9}.Release|x86.ActiveCfg = Release|Win32
		{32B37B6E-1C27-4298-929C-1C24694690D9}.Release|x86.Build.0 = Release|Win32
		{9FE8A731-C5F4-467E-B4E9-2353803DDFA5}.Debug|x64.ActiveCfg = Debug|x64
		{9FE8A731-C5F4-467E-B4E9-2353803DDFA5}.Debug|x64.Build.0 = Debug|x64
		{9FE8A731-C5F4-467E-B4E9-2353803DDFA5}.Debug|x86.ActiveCfg = Debug|x64
		{9FE8A731-C5F4-467E-B4E9-2353803DDFA5}.Debug|x86.Build.0 = Debug|x64
		{9FE8A731-C5F4-467E-B4E9-2353803DDFA5}.Release|x64.ActiveCfg = Release|x64
		{9FE8A731-C5F4-467E-B4E9-2353803DDFA5}.Release|x64.Build.0 = Release|x64
		{9FE8A731-C5F4-467E-B4E9-2353803DDFA5}.Release|x86.ActiveCfg = Release|x64
		{9FE8A731-C5F4-467E-B4E9-2353803DDFA5}.Release|x86.Build.0 = Release|x64
		{BE26FAEE-5883-45FF-A25F-63AD812A42E6}.Debug|x64.ActiveCfg = Debug|x64
		{BE26FAEE-5883-45FF-A25F-63AD812A42E6}.Debug|x64.Build.0 = Debug|x64
		{BE26FAEE-5883-45FF-A25F-63AD812A42E6}.Debug|x86.ActiveCfg = Debug|Win32
		{BE26FAEE-5883-45FF-A25F-63AD812A42E6}.Debug|x86.Build.0 = Debug|Win32
		{BE26FAEE-5883-45FF-A25F-63AD812A42E6}.Release|x64.ActiveCfg = Release|x64
		{BE26FAEE-5883-45FF-A25F-63AD812A42E6}.Release|x64.Build.0 = Release|x64
		{BE26FAEE-5883-45FF-A25F-63AD812A42E6}.Release|x86.ActiveCfg = Release|Win32
		{BE26FAEE-5883-45FF-A25F-63AD812A42E6}.Release|x86.Build.0 = Release|Win32
	EndGlobalSection
	GlobalSection(SolutionProperties) = preSolution
		HideSolutionNode = FALSE
	EndGlobalSection
	GlobalSection(NestedProjects) = preSolution
		{DBE9013C-E527-4788-B850-E40D96AC7DB5} = {23F7B48B-00DF-4C23-BAAB-F4E7FFADF6FA}
		{09322341-98A8-45E3-AFE2-941DAE86C322} = {23F7B48B-00DF-4C23-BAAB-F4E7FFADF6FA}
		{22D8EB8C-4F1D-4408-8288-8661D57F7843} = {23F7B48B-00DF-4C23-BAAB-F4E7FFADF6FA}
		{21987C63-4D33-4DD1-B8BC-71D864ED7E1C} = {23F7B48B-00DF-4C23-BAAB-F4E7FFADF6FA}
		{BE26FAEE-5883-45FF-A25F-63AD812A42E6} = {23F7B48B-00DF-4C23-BAAB-F4E7FFADF6FA}
	EndGlobalSection
	GlobalSection(ExtensibilityGlobals) = postSolution
		SolutionGuid = {DF94AFCF-61CB-4626-BAAA-5C60EE11CA94}
	EndGlobalSection
EndGlobal
